<Solution>
  <Project Path="AgentsDashboard.AppHost/AgentsDashboard.AppHost.csproj" />
  <Project Path="AgentsDashboard.Contracts/AgentsDashboard.Contracts.csproj" />
  <Project Path="AgentsDashboard.ControlPlane/AgentsDashboard.ControlPlane.csproj" />
  <Project Path="AgentsDashboard.ServiceDefaults/AgentsDashboard.ServiceDefaults.csproj" />
  <Project Path="AgentsDashboard.WorkerGateway/AgentsDashboard.WorkerGateway.csproj" />
  <Folder Name="/tests/">
    <Project Path="../tests/AgentsDashboard.IntegrationTests/AgentsDashboard.IntegrationTests.csproj" />
    <Project Path="../tests/AgentsDashboard.PlaywrightTests/AgentsDashboard.PlaywrightTests.csproj" />
    <Project Path="../tests/AgentsDashboard.UnitTests/AgentsDashboard.UnitTests.csproj" />
  </Folder>
</Solution>
